
Microsoft Visual Studio Solution File, Format Version 12.00
# Visual Studio Version 16
VisualStudioVersion = 16.0.29230.47
MinimumVisualStudioVersion = 10.0.40219.1
Project("{FAE04EC0-301F-11D3-BF4B-00C04F79EFBC}") = "OOP_lab1", "OOP_lab1.csproj", "{ADB04CE1-C2C9-46B0-9115-5ACF85F7B2A8}"
EndProject
Global
	GlobalSection(SolutionConfigurationPlatforms) = preSolution
		Debug|Any CPU = Debug|Any CPU
		Release|Any CPU = Release|Any CPU
	EndGlobalSection
	GlobalSection(ProjectConfigurationPlatforms) = postSolution
		{ADB04CE1-C2C9-46B0-9115-5ACF85F7B2A8}.Debug|Any CPU.ActiveCfg = Debug|Any CPU
		{ADB04CE1-C2C9-46B0-9115-5ACF85F7B2A8}.Debug|Any CPU.Build.0 = Debug|Any CPU
		{ADB04CE1-C2C9-46B0-9115-5ACF85F7B2A8}.Release|Any CPU.ActiveCfg = Release|Any CPU
		{ADB04CE1-C2C9-46B0-9115-5ACF85F7B2A8}.Release|Any CPU.Build.0 = Release|Any CPU
	EndGlobalSection
	GlobalSection(SolutionProperties) = preSolution
		HideSolutionNode = FALSE
	EndGlobalSection
	GlobalSection(ExtensibilityGlobals) = postSolution
		SolutionGuid = {FE11DBEC-7B61-4305-B660-0C4CB2D55BB5}
	EndGlobalSection
EndGlobal
